// !$*UTF8*$!
{
	archiveVersion = 1;
	classes = {
	};
	objectVersion = 77;
	objects = {

/* Begin PBXBuildFile section */
		276482432FC0B45D00A39B50 /* FeedView.swift in Sources */ = {isa = PBXBuildFile; fileRef = 276482422FC0B45D00A39B50 /* FeedView.swift */; };
		276482472FC12E1800A39B50 /* ExploreView.swift in Sources */ = {isa = PBXBuildFile; fileRef = 276482462FC12E1800A39B50 /* ExploreView.swift */; };
		2764824C2FC12FB800A39B50 /* ThreadCreationView.swift in Sources */ = {isa = PBXBuildFile; fileRef = 2764824B2FC12FB800A39B50 /* ThreadCreationView.swift */; };
		276482502FC1306100A39B50 /* ActivityView.swift in Sources */ = {isa = PBXBuildFile; fileRef = 2764824F2FC1306100A39B50 /* ActivityView.swift */; };
		276482542FC130BD00A39B50 /* ProfileView.swift in Sources */ = {isa = PBXBuildFile; fileRef = 276482532FC130BD00A39B50 /* ProfileView.swift */; };
		276482562FC133AB00A39B50 /* ThreadCell.swift in Sources */ = {isa = PBXBuildFile; fileRef = 276482552FC133AB00A39B50 /* ThreadCell.swift */; };
		279297722FBFF68C002B3A27 /* ThreadsTabView.swift in Sources */ = {isa = PBXBuildFile; fileRef = 279297712FBFF68C002B3A27 /* ThreadsTabView.swift */; };
		27A1D5582FBF487C00DFA6E8 /* RegistrationView.swift in Sources */ = {isa = PBXBuildFile; fileRef = 27A1D5572FBF487C00DFA6E8 /* RegistrationView.swift */; };
		27A1D55B2FBF4CA900DFA6E8 /* ThreadsTextFieldModifier.swift in Sources */ = {isa = PBXBuildFile; fileRef = 27A1D55A2FBF4CA900DFA6E8 /* ThreadsTextFieldModifier.swift */; };
		27A6DCB02FBC0543004C6B37 /* ContentView.swift in Sources */ = {isa = PBXBuildFile; fileRef = 27A6DCAD2FBC0543004C6B37 /* ContentView.swift */; };
		27A6DCB12FBC0543004C6B37 /* ThreadsLikeApp.swift in Sources */ = {isa = PBXBuildFile; fileRef = 27A6DCAE2FBC0543004C6B37 /* ThreadsLikeApp.swift */; };
		27A6DCB22FBC0543004C6B37 /* Assets.xcassets in Resources */ = {isa = PBXBuildFile; fileRef = 27A6DCAC2FBC0543004C6B37 /* Assets.xcassets */; };
		27A6DCC62FBE9D0F004C6B37 /* LoginView.swift in Sources */ = {isa = PBXBuildFile; fileRef = 27A6DCC52FBE9D0F004C6B37 /* LoginView.swift */; };
		27C2934D2FC67D6F0056AB63 /* CircularProfileImageView.swift in Sources */ = {isa = PBXBuildFile; fileRef = 27C2934C2FC67D6F0056AB63 /* CircularProfileImageView.swift */; };
		27C293512FC67EA70056AB63 /* UserCell.swift in Sources */ = {isa = PBXBuildFile; fileRef = 27C293502FC67EA70056AB63 /* UserCell.swift */; };
/* End PBXBuildFile section */

/* Begin PBXFileReference section */
		276482422FC0B45D00A39B50 /* FeedView.swift */ = {isa = PBXFileReference; lastKnownFileType = sourcecode.swift; path = FeedView.swift; sourceTree = "<group>"; };
		276482462FC12E1800A39B50 /* ExploreView.swift */ = {isa = PBXFileReference; lastKnownFileType = sourcecode.swift; path = ExploreView.swift; sourceTree = "<group>"; };
		2764824B2FC12FB800A39B50 /* ThreadCreationView.swift */ = {isa = PBXFileReference; lastKnownFileType = sourcecode.swift; path = ThreadCreationView.swift; sourceTree = "<group>"; };
		2764824F2FC1306100A39B50 /* ActivityView.swift */ = {isa = PBXFileReference; lastKnownFileType = sourcecode.swift; path = ActivityView.swift; sourceTree = "<group>"; };
		276482532FC130BD00A39B50 /* ProfileView.swift */ = {isa = PBXFileReference; lastKnownFileType = sourcecode.swift; path = ProfileView.swift; sourceTree = "<group>"; };
		276482552FC133AB00A39B50 /* ThreadCell.swift */ = {isa = PBXFileReference; lastKnownFileType = sourcecode.swift; path = ThreadCell.swift; sourceTree = "<group>"; };
		279297712FBFF68C002B3A27 /* ThreadsTabView.swift */ = {isa = PBXFileReference; lastKnownFileType = sourcecode.swift; path = ThreadsTabView.swift; sourceTree = "<group>"; };
		27A1D5572FBF487C00DFA6E8 /* RegistrationView.swift */ = {isa = PBXFileReference; lastKnownFileType = sourcecode.swift; path = RegistrationView.swift; sourceTree = "<group>"; };
		27A1D55A2FBF4CA900DFA6E8 /* ThreadsTextFieldModifier.swift */ = {isa = PBXFileReference; lastKnownFileType = sourcecode.swift; path = ThreadsTextFieldModifier.swift; sourceTree = "<group>"; };
		27A6DC942FBB9FAE004C6B37 /* ThreadsLike.app */ = {isa = PBXFileReference; explicitFileType = wrapper.application; includeInIndex = 0; path = ThreadsLike.app; sourceTree = BUILT_PRODUCTS_DIR; };
		27A6DCAC2FBC0543004C6B37 /* Assets.xcassets */ = {isa = PBXFileReference; lastKnownFileType = folder.assetcatalog; path = Assets.xcassets; sourceTree = "<group>"; };
		27A6DCAD2FBC0543004C6B37 /* ContentView.swift */ = {isa = PBXFileReference; lastKnownFileType = sourcecode.swift; path = ContentView.swift; sourceTree = "<group>"; };
		27A6DCAE2FBC0543004C6B37 /* ThreadsLikeApp.swift */ = {isa = PBXFileReference; lastKnownFileType = sourcecode.swift; path = ThreadsLikeApp.swift; sourceTree = "<group>"; };
		27A6DCC52FBE9D0F004C6B37 /* LoginView.swift */ = {isa = PBXFileReference; lastKnownFileType = sourcecode.swift; path = LoginView.swift; sourceTree = "<group>"; };
		27C2934C2FC67D6F0056AB63 /* CircularProfileImageView.swift */ = {isa = PBXFileReference; lastKnownFileType = sourcecode.swift; path = CircularProfileImageView.swift; sourceTree = "<group>"; };
		27C293502FC67EA70056AB63 /* UserCell.swift */ = {isa = PBXFileReference; lastKnownFileType = sourcecode.swift; path = UserCell.swift; sourceTree = "<group>"; };
/* End PBXFileReference section */

/* Begin PBXFrameworksBuildPhase section */
		27A6DC912FBB9FAE004C6B37 /* Frameworks */ = {
			isa = PBXFrameworksBuildPhase;
			buildActionMask = 2147483647;
			files = (
			);
			runOnlyForDeploymentPostprocessing = 0;
		};
/* End PBXFrameworksBuildPhase section */

/* Begin PBXGroup section */
		276482402FC0B42D00A39B50 /* Feed */ = {
			isa = PBXGroup;
			children = (
				276482412FC0B44B00A39B50 /* View */,
			);
			path = Feed;
			sourceTree = "<group>";
		};
		276482412FC0B44B00A39B50 /* View */ = {
			isa = PBXGroup;
			children = (
				276482422FC0B45D00A39B50 /* FeedView.swift */,
				276482552FC133AB00A39B50 /* ThreadCell.swift */,
			);
			path = View;
			sourceTree = "<group>";
		};
		276482442FC12DC900A39B50 /* Explore */ = {
			isa = PBXGroup;
			children = (
				276482452FC12DE100A39B50 /* View */,
			);
			path = Explore;
			sourceTree = "<group>";
		};
		276482452FC12DE100A39B50 /* View */ = {
			isa = PBXGroup;
			children = (
				276482462FC12E1800A39B50 /* ExploreView.swift */,
			);
			path = View;
			sourceTree = "<group>";
		};
		276482482FC12F6A00A39B50 /* ThreadCreation */ = {
			isa = PBXGroup;
			children = (
				276482492FC12F8F00A39B50 /* View */,
			);
			path = ThreadCreation;
			sourceTree = "<group>";
		};
		276482492FC12F8F00A39B50 /* View */ = {
			isa = PBXGroup;
			children = (
				2764824B2FC12FB800A39B50 /* ThreadCreationView.swift */,
			);
			path = View;
			sourceTree = "<group>";
		};
		2764824D2FC1304000A39B50 /* Activity */ = {
			isa = PBXGroup;
			children = (
				2764824E2FC1304900A39B50 /* View */,
			);
			path = Activity;
			sourceTree = "<group>";
		};
		2764824E2FC1304900A39B50 /* View */ = {
			isa = PBXGroup;
			children = (
				2764824F2FC1306100A39B50 /* ActivityView.swift */,
			);
			path = View;
			sourceTree = "<group>";
		};
		276482512FC130A700A39B50 /* Profile */ = {
			isa = PBXGroup;
			children = (
				276482522FC130B000A39B50 /* View */,
			);
			path = Profile;
			sourceTree = "<group>";
		};
		276482522FC130B000A39B50 /* View */ = {
			isa = PBXGroup;
			children = (
				276482532FC130BD00A39B50 /* ProfileView.swift */,
			);
			path = View;
			sourceTree = "<group>";
		};
		279297702FBFF5D3002B3A27 /* TabBar */ = {
			isa = PBXGroup;
			children = (
				279297712FBFF68C002B3A27 /* ThreadsTabView.swift */,
			);
			path = TabBar;
			sourceTree = "<group>";
		};
		27A1D5592FBF4C6100DFA6E8 /* ViewModifiers */ = {
			isa = PBXGroup;
			children = (
				27A1D55A2FBF4CA900DFA6E8 /* ThreadsTextFieldModifier.swift */,
			);
			path = ViewModifiers;
			sourceTree = "<group>";
		};
		27A6DC8B2FBB9FAE004C6B37 = {
			isa = PBXGroup;
			children = (
				27A6DCAF2FBC0543004C6B37 /* ThreadsLike */,
				27A6DC952FBB9FAE004C6B37 /* Products */,
			);
			sourceTree = "<group>";
		};
		27A6DC952FBB9FAE004C6B37 /* Products */ = {
			isa = PBXGroup;
			children = (
				27A6DC942FBB9FAE004C6B37 /* ThreadsLike.app */,
			);
			name = Products;
			sourceTree = "<group>";
		};
		27A6DCAB2FBC0543004C6B37 /* Services */ = {
			isa = PBXGroup;
			children = (
			);
			path = Services;
			sourceTree = "<group>";
		};
		27A6DCAF2FBC0543004C6B37 /* ThreadsLike */ = {
			isa = PBXGroup;
			children = (
				27A6DCC32FBE9C56004C6B37 /* Core */,
				27A6DCB92FBC05DF004C6B37 /* Utils */,
				27A6DCB72FBC0594004C6B37 /* App */,
				27A6DCB52FBC0566004C6B37 /* Extensions */,
				27A6DCB32FBC054F004C6B37 /* Model */,
				27A6DCAB2FBC0543004C6B37 /* Services */,
				27A6DCAC2FBC0543004C6B37 /* Assets.xcassets */,
				27A6DCAE2FBC0543004C6B37 /* ThreadsLikeApp.swift */,
			);
			path = ThreadsLike;
			sourceTree = "<group>";
		};
		27A6DCB32FBC054F004C6B37 /* Model */ = {
			isa = PBXGroup;
			children = (
			);
			path = Model;
			sourceTree = "<group>";
		};
		27A6DCB52FBC0566004C6B37 /* Extensions */ = {
			isa = PBXGroup;
			children = (
			);
			path = Extensions;
			sourceTree = "<group>";
		};
		27A6DCB72FBC0594004C6B37 /* App */ = {
			isa = PBXGroup;
			children = (
			);
			path = App;
			sourceTree = "<group>";
		};
		27A6DCB92FBC05DF004C6B37 /* Utils */ = {
			isa = PBXGroup;
			children = (
				27A1D5592FBF4C6100DFA6E8 /* ViewModifiers */,
			);
			path = Utils;
			sourceTree = "<group>";
		};
		27A6DCC12FBE9C56004C6B37 /* Authentication */ = {
			isa = PBXGroup;
			children = (
				27A6DCC42FBE9CB8004C6B37 /* Views */,
			);
			path = Authentication;
			sourceTree = "<group>";
		};
		27A6DCC22FBE9C56004C6B37 /* Root */ = {
			isa = PBXGroup;
			children = (
				27A6DCAD2FBC0543004C6B37 /* ContentView.swift */,
			);
			path = Root;
			sourceTree = "<group>";
		};
		27A6DCC32FBE9C56004C6B37 /* Core */ = {
			isa = PBXGroup;
			children = (
				27C2934B2FC67D060056AB63 /* Components */,
				2764824D2FC1304000A39B50 /* Activity */,
				27A6DCC12FBE9C56004C6B37 /* Authentication */,
				276482442FC12DC900A39B50 /* Explore */,
				276482402FC0B42D00A39B50 /* Feed */,
				276482512FC130A700A39B50 /* Profile */,
				27A6DCC22FBE9C56004C6B37 /* Root */,
				279297702FBFF5D3002B3A27 /* TabBar */,
				276482482FC12F6A00A39B50 /* ThreadCreation */,
			);
			path = Core;
			sourceTree = "<group>";
		};
		27A6DCC42FBE9CB8004C6B37 /* Views */ = {
			isa = PBXGroup;
			children = (
				27A6DCC52FBE9D0F004C6B37 /* LoginView.swift */,
				27A1D5572FBF487C00DFA6E8 /* RegistrationView.swift */,
			);
			path = Views;
			sourceTree = "<group>";
		};
		27C2934B2FC67D060056AB63 /* Components */ = {
			isa = PBXGroup;
			children = (
				27C2934C2FC67D6F0056AB63 /* CircularProfileImageView.swift */,
				27C293502FC67EA70056AB63 /* UserCell.swift */,
			);
			path = Components;
			sourceTree = "<group>";
		};
/* End PBXGroup section */

/* Begin PBXNativeTarget section */
		27A6DC932FBB9FAE004C6B37 /* ThreadsLike */ = {
			isa = PBXNativeTarget;
			buildConfigurationList = 27A6DC9F2FBB9FB0004C6B37 /* Build configuration list for PBXNativeTarget "ThreadsLike" */;
			buildPhases = (
				27A6DC902FBB9FAE004C6B37 /* Sources */,
				27A6DC912FBB9FAE004C6B37 /* Frameworks */,
				27A6DC922FBB9FAE004C6B37 /* Resources */,
			);
			buildRules = (
			);
			dependencies = (
			);
			name = ThreadsLike;
			packageProductDependencies = (
			);
			productName = ThreadsLike;
			productReference = 27A6DC942FBB9FAE004C6B37 /* ThreadsLike.app */;
			productType = "com.apple.product-type.application";
		};
/* End PBXNativeTarget section */

/* Begin PBXProject section */
		27A6DC8C2FBB9FAE004C6B37 /* Project object */ = {
			isa = PBXProject;
			attributes = {
				BuildIndependentTargetsInParallel = 1;
				LastSwiftUpdateCheck = 1640;
				LastUpgradeCheck = 1640;
				TargetAttributes = {
					27A6DC932FBB9FAE004C6B37 = {
						CreatedOnToolsVersion = 16.4;
					};
				};
			};
			buildConfigurationList = 27A6DC8F2FBB9FAE004C6B37 /* Build configuration list for PBXProject "ThreadsLike" */;
			developmentRegion = en;
			hasScannedForEncodings = 0;
			knownRegions = (
				en,
				Base,
			);
			mainGroup = 27A6DC8B2FBB9FAE004C6B37;
			minimizedProjectReferenceProxies = 1;
			preferredProjectObjectVersion = 77;
			productRefGroup = 27A6DC952FBB9FAE004C6B37 /* Products */;
			projectDirPath = "";
			projectRoot = "";
			targets = (
				27A6DC932FBB9FAE004C6B37 /* ThreadsLike */,
			);
		};
/* End PBXProject section */

/* Begin PBXResourcesBuildPhase section */
		27A6DC922FBB9FAE004C6B37 /* Resources */ = {
			isa = PBXResourcesBuildPhase;
			buildActionMask = 2147483647;
			files = (
				27A6DCB22FBC0543004C6B37 /* Assets.xcassets in Resources */,
			);
			runOnlyForDeploymentPostprocessing = 0;
		};
/* End PBXResourcesBuildPhase section */

/* Begin PBXSourcesBuildPhase section */
		27A6DC902FBB9FAE004C6B37 /* Sources */ = {
			isa = PBXSourcesBuildPhase;
			buildActionMask = 2147483647;
			files = (
				276482432FC0B45D00A39B50 /* FeedView.swift in Sources */,
				27A6DCC62FBE9D0F004C6B37 /* LoginView.swift in Sources */,
				27A6DCB02FBC0543004C6B37 /* ContentView.swift in Sources */,
				276482562FC133AB00A39B50 /* ThreadCell.swift in Sources */,
				276482502FC1306100A39B50 /* ActivityView.swift in Sources */,
				27C2934D2FC67D6F0056AB63 /* CircularProfileImageView.swift in Sources */,
				27C293512FC67EA70056AB63 /* UserCell.swift in Sources */,
				279297722FBFF68C002B3A27 /* ThreadsTabView.swift in Sources */,
				27A1D55B2FBF4CA900DFA6E8 /* ThreadsTextFieldModifier.swift in Sources */,
				27A6DCB12FBC0543004C6B37 /* ThreadsLikeApp.swift in Sources */,
				276482472FC12E1800A39B50 /* ExploreView.swift in Sources */,
				27A1D5582FBF487C00DFA6E8 /* RegistrationView.swift in Sources */,
				276482542FC130BD00A39B50 /* ProfileView.swift in Sources */,
				2764824C2FC12FB800A39B50 /* ThreadCreationView.swift in Sources */,
			);
			runOnlyForDeploymentPostprocessing = 0;
		};
/* End PBXSourcesBuildPhase section */

/* Begin XCBuildConfiguration section */
		27A6DC9D2FBB9FB0004C6B37 /* Debug */ = {
			isa = XCBuildConfiguration;
			buildSettings = {
				ALWAYS_SEARCH_USER_PATHS = NO;
				ASSETCATALOG_COMPILER_GENERATE_SWIFT_ASSET_SYMBOL_EXTENSIONS = YES;
				CLANG_ANALYZER_NONNULL = YES;
				CLANG_ANALYZER_NUMBER_OBJECT_CONVERSION = YES_AGGRESSIVE;
				CLANG_CXX_LANGUAGE_STANDARD = "gnu++20";
				CLANG_ENABLE_MODULES = YES;
				CLANG_ENABLE_OBJC_ARC = YES;
				CLANG_ENABLE_OBJC_WEAK = YES;
				CLANG_WARN_BLOCK_CAPTURE_AUTORELEASING = YES;
				CLANG_WARN_BOOL_CONVERSION = YES;
				CLANG_WARN_COMMA = YES;
				CLANG_WARN_CONSTANT_CONVERSION = YES;
				CLANG_WARN_DEPRECATED_OBJC_IMPLEMENTATIONS = YES;
				CLANG_WARN_DIRECT_OBJC_ISA_USAGE = YES_ERROR;
				CLANG_WARN_DOCUMENTATION_COMMENTS = YES;
				CLANG_WARN_EMPTY_BODY = YES;
				CLANG_WARN_ENUM_CONVERSION = YES;
				CLANG_WARN_INFINITE_RECURSION = YES;
				CLANG_WARN_INT_CONVERSION = YES;
				CLANG_WARN_NON_LITERAL_NULL_CONVERSION = YES;
				CLANG_WARN_OBJC_IMPLICIT_RETAIN_SELF = YES;
				CLANG_WARN_OBJC_LITERAL_CONVERSION = YES;
				CLANG_WARN_OBJC_ROOT_CLASS = YES_ERROR;
				CLANG_WARN_QUOTED_INCLUDE_IN_FRAMEWORK_HEADER = YES;
				CLANG_WARN_RANGE_LOOP_ANALYSIS = YES;
				CLANG_WARN_STRICT_PROTOTYPES = YES;
				CLANG_WARN_SUSPICIOUS_MOVE = YES;
				CLANG_WARN_UNGUARDED_AVAILABILITY = YES_AGGRESSIVE;
				CLANG_WARN_UNREACHABLE_CODE = YES;
				CLANG_WARN__DUPLICATE_METHOD_MATCH = YES;
				COPY_PHASE_STRIP = NO;
				DEBUG_INFORMATION_FORMAT = dwarf;
				ENABLE_STRICT_OBJC_MSGSEND = YES;
				ENABLE_TESTABILITY = YES;
				ENABLE_USER_SCRIPT_SANDBOXING = YES;
				GCC_C_LANGUAGE_STANDARD = gnu17;
				GCC_DYNAMIC_NO_PIC = NO;
				GCC_NO_COMMON_BLOCKS = YES;
				GCC_OPTIMIZATION_LEVEL = 0;
				GCC_PREPROCESSOR_DEFINITIONS = (
					"DEBUG=1",
					"$(inherited)",
				);
				GCC_WARN_64_TO_32_BIT_CONVERSION = YES;
				GCC_WARN_ABOUT_RETURN_TYPE = YES_ERROR;
				GCC_WARN_UNDECLARED_SELECTOR = YES;
				GCC_WARN_UNINITIALIZED_AUTOS = YES_AGGRESSIVE;
				GCC_WARN_UNUSED_FUNCTION = YES;
				GCC_WARN_UNUSED_VARIABLE = YES;
				IPHONEOS_DEPLOYMENT_TARGET = 18.5;
				LOCALIZATION_PREFERS_STRING_CATALOGS = YES;
				MTL_ENABLE_DEBUG_INFO = INCLUDE_SOURCE;
				MTL_FAST_MATH = YES;
				ONLY_ACTIVE_ARCH = YES;
				SDKROOT = iphoneos;
				SWIFT_ACTIVE_COMPILATION_CONDITIONS = "DEBUG $(inherited)";
				SWIFT_OPTIMIZATION_LEVEL = "-Onone";
			};
			name = Debug;
		};
		27A6DC9E2FBB9FB0004C6B37 /* Release */ = {
			isa = XCBuildConfiguration;
			buildSettings = {
				ALWAYS_SEARCH_USER_PATHS = NO;
				ASSETCATALOG_COMPILER_GENERATE_SWIFT_ASSET_SYMBOL_EXTENSIONS = YES;
				CLANG_ANALYZER_NONNULL = YES;
				CLANG_ANALYZER_NUMBER_OBJECT_CONVERSION = YES_AGGRESSIVE;
				CLANG_CXX_LANGUAGE_STANDARD = "gnu++20";
				CLANG_ENABLE_MODULES = YES;
				CLANG_ENABLE_OBJC_ARC = YES;
				CLANG_ENABLE_OBJC_WEAK = YES;
				CLANG_WARN_BLOCK_CAPTURE_AUTORELEASING = YES;
				CLANG_WARN_BOOL_CONVERSION = YES;
				CLANG_WARN_COMMA = YES;
				CLANG_WARN_CONSTANT_CONVERSION = YES;
				CLANG_WARN_DEPRECATED_OBJC_IMPLEMENTATIONS = YES;
				CLANG_WARN_DIRECT_OBJC_ISA_USAGE = YES_ERROR;
				CLANG_WARN_DOCUMENTATION_COMMENTS = YES;
				CLANG_WARN_EMPTY_BODY = YES;
				CLANG_WARN_ENUM_CONVERSION = YES;
				CLANG_WARN_INFINITE_RECURSION = YES;
				CLANG_WARN_INT_CONVERSION = YES;
				CLANG_WARN_NON_LITERAL_NULL_CONVERSION = YES;
				CLANG_WARN_OBJC_IMPLICIT_RETAIN_SELF = YES;
				CLANG_WARN_OBJC_LITERAL_CONVERSION = YES;
				CLANG_WARN_OBJC_ROOT_CLASS = YES_ERROR;
				CLANG_WARN_QUOTED_INCLUDE_IN_FRAMEWORK_HEADER = YES;
				CLANG_WARN_RANGE_LOOP_ANALYSIS = YES;
				CLANG_WARN_STRICT_PROTOTYPES = YES;
				CLANG_WARN_SUSPICIOUS_MOVE = YES;
				CLANG_WARN_UNGUARDED_AVAILABILITY = YES_AGGRESSIVE;
				CLANG_WARN_UNREACHABLE_CODE = YES;
				CLANG_WARN__DUPLICATE_METHOD_MATCH = YES;
				COPY_PHASE_STRIP = NO;
				DEBUG_INFORMATION_FORMAT = "dwarf-with-dsym";
				ENABLE_NS_ASSERTIONS = NO;
				ENABLE_STRICT_OBJC_MSGSEND = YES;
				ENABLE_USER_SCRIPT_SANDBOXING = YES;
				GCC_C_LANGUAGE_STANDARD = gnu17;
				GCC_NO_COMMON_BLOCKS = YES;
				GCC_WARN_64_TO_32_BIT_CONVERSION = YES;
				GCC_WARN_ABOUT_RETURN_TYPE = YES_ERROR;
				GCC_WARN_UNDECLARED_SELECTOR = YES;
				GCC_WARN_UNINITIALIZED_AUTOS = YES_AGGRESSIVE;
				GCC_WARN_UNUSED_FUNCTION = YES;
				GCC_WARN_UNUSED_VARIABLE = YES;
				IPHONEOS_DEPLOYMENT_TARGET = 18.5;
				LOCALIZATION_PREFERS_STRING_CATALOGS = YES;
				MTL_ENABLE_DEBUG_INFO = NO;
				MTL_FAST_MATH = YES;
				SDKROOT = iphoneos;
				SWIFT_COMPILATION_MODE = wholemodule;
				VALIDATE_PRODUCT = YES;
			};
			name = Release;
		};
		27A6DCA02FBB9FB0004C6B37 /* Debug */ = {
			isa = XCBuildConfiguration;
			buildSettings = {
				ASSETCATALOG_COMPILER_APPICON_NAME = AppIcon;
				ASSETCATALOG_COMPILER_GLOBAL_ACCENT_COLOR_NAME = AccentColor;
				CODE_SIGN_STYLE = Automatic;
				CURRENT_PROJECT_VERSION = 1;
				ENABLE_PREVIEWS = YES;
				GENERATE_INFOPLIST_FILE = YES;
				INFOPLIST_KEY_UIApplicationSceneManifest_Generation = YES;
				INFOPLIST_KEY_UIApplicationSupportsIndirectInputEvents = YES;
				INFOPLIST_KEY_UILaunchScreen_Generation = YES;
				INFOPLIST_KEY_UISupportedInterfaceOrientations_iPad = "UIInterfaceOrientationPortrait UIInterfaceOrientationPortraitUpsideDown UIInterfaceOrientationLandscapeLeft UIInterfaceOrientationLandscapeRight";
				INFOPLIST_KEY_UISupportedInterfaceOrientations_iPhone = "UIInterfaceOrientationPortrait UIInterfaceOrientationLandscapeLeft UIInterfaceOrientationLandscapeRight";
				LD_RUNPATH_SEARCH_PATHS = (
					"$(inherited)",
					"@executable_path/Frameworks",
				);
				MARKETING_VERSION = 1.0;
				PRODUCT_BUNDLE_IDENTIFIER = diegocarvalho.ThreadsLike;
				PRODUCT_NAME = "$(TARGET_NAME)";
				SWIFT_EMIT_LOC_STRINGS = YES;
				SWIFT_VERSION = 5.0;
				TARGETED_DEVICE_FAMILY = "1,2";
			};
			name = Debug;
		};
		27A6DCA12FBB9FB0004C6B37 /* Release */ = {
			isa = XCBuildConfiguration;
			buildSettings = {
				ASSETCATALOG_COMPILER_APPICON_NAME = AppIcon;
				ASSETCATALOG_COMPILER_GLOBAL_ACCENT_COLOR_NAME = AccentColor;
				CODE_SIGN_STYLE = Automatic;
				CURRENT_PROJECT_VERSION = 1;
				ENABLE_PREVIEWS = YES;
				GENERATE_INFOPLIST_FILE = YES;
				INFOPLIST_KEY_UIApplicationSceneManifest_Generation = YES;
				INFOPLIST_KEY_UIApplicationSupportsIndirectInputEvents = YES;
				INFOPLIST_KEY_UILaunchScreen_Generation = YES;
				INFOPLIST_KEY_UISupportedInterfaceOrientations_iPad = "UIInterfaceOrientationPortrait UIInterfaceOrientationPortraitUpsideDown UIInterfaceOrientationLandscapeLeft UIInterfaceOrientationLandscapeRight";
				INFOPLIST_KEY_UISupportedInterfaceOrientations_iPhone = "UIInterfaceOrientationPortrait UIInterfaceOrientationLandscapeLeft UIInterfaceOrientationLandscapeRight";
				LD_RUNPATH_SEARCH_PATHS = (
					"$(inherited)",
					"@executable_path/Frameworks",
				);
				MARKETING_VERSION = 1.0;
				PRODUCT_BUNDLE_IDENTIFIER = diegocarvalho.ThreadsLike;
				PRODUCT_NAME = "$(TARGET_NAME)";
				SWIFT_EMIT_LOC_STRINGS = YES;
				SWIFT_VERSION = 5.0;
				TARGETED_DEVICE_FAMILY = "1,2";
			};
			name = Release;
		};
/* End XCBuildConfiguration section */

/* Begin XCConfigurationList section */
		27A6DC8F2FBB9FAE004C6B37 /* Build configuration list for PBXProject "ThreadsLike" */ = {
			isa = XCConfigurationList;
			buildConfigurations = (
				27A6DC9D2FBB9FB0004C6B37 /* Debug */,
				27A6DC9E2FBB9FB0004C6B37 /* Release */,
			);
			defaultConfigurationIsVisible = 0;
			defaultConfigurationName = Release;
		};
		27A6DC9F2FBB9FB0004C6B37 /* Build configuration list for PBXNativeTarget "ThreadsLike" */ = {
			isa = XCConfigurationList;
			buildConfigurations = (
				27A6DCA02FBB9FB0004C6B37 /* Debug */,
				27A6DCA12FBB9FB0004C6B37 /* Release */,
			);
			defaultConfigurationIsVisible = 0;
			defaultConfigurationName = Release;
		};
/* End XCConfigurationList section */
	};
	rootObject = 27A6DC8C2FBB9FAE004C6B37 /* Project object */;
}
